
Microsoft Visual Studio Solution File, Format Version 12.00
# Visual Studio Version 17
VisualStudioVersion = 17.7.34202.233
MinimumVisualStudioVersion = 10.0.40219.1
Project("{FAE04EC0-301F-11D3-BF4B-00C04F79EFBC}") = "DummyApi", "DummyApi\DummyApi.csproj", "{137A5F9C-2442-485D-9BE5-E43883584031}"
EndProject
Global
	GlobalSection(SolutionConfigurationPlatforms) = preSolution
		Debug|Any CPU = Debug|Any CPU
		Release|Any CPU = Release|Any CPU
	EndGlobalSection
	GlobalSection(ProjectConfigurationPlatforms) = postSolution
		{137A5F9C-2442-485D-9BE5-E43883584031}.Debug|Any CPU.ActiveCfg = Debug|Any CPU
		{137A5F9C-2442-485D-9BE5-E43883584031}.Debug|Any CPU.Build.0 = Debug|Any CPU
		{137A5F9C-2442-485D-9BE5-E43883584031}.Release|Any CPU.ActiveCfg = Release|Any CPU
		{137A5F9C-2442-485D-9BE5-E43883584031}.Release|Any CPU.Build.0 = Release|Any CPU
	EndGlobalSection
	GlobalSection(SolutionProperties) = preSolution
		HideSolutionNode = FALSE
	EndGlobalSection
	GlobalSection(ExtensibilityGlobals) = postSolution
		SolutionGuid = {37F0CEF4-05FF-4996-B520-BC3C4C5292E0}
	EndGlobalSection
EndGlobal
